
Microsoft Visual Studio Solution File, Format Version 12.00
# Visual Studio Version 16
VisualStudioVersion = 16.0.30621.155
MinimumVisualStudioVersion = 10.0.40219.1
Project("{FAE04EC0-301F-11D3-BF4B-00C04F79EFBC}") = "ServerConfigRest_064_Marsa Sefta Lesmana", "ServerConfigRest_064_Marsa Sefta Lesmana\ServerConfigRest_064_Marsa Sefta Lesmana.csproj", "{D4A111F0-19B5-4E12-9CB6-1B510B3B3253}"
EndProject
Global
	GlobalSection(SolutionConfigurationPlatforms) = preSolution
		Debug|Any CPU = Debug|Any CPU
		Release|Any CPU = Release|Any CPU
	EndGlobalSection
	GlobalSection(ProjectConfigurationPlatforms) = postSolution
		{D4A111F0-19B5-4E12-9CB6-1B510B3B3253}.Debug|Any CPU.ActiveCfg = Debug|Any CPU
		{D4A111F0-19B5-4E12-9CB6-1B510B3B3253}.Debug|Any CPU.Build.0 = Debug|Any CPU
		{D4A111F0-19B5-4E12-9CB6-1B510B3B3253}.Release|Any CPU.ActiveCfg = Release|Any CPU
		{D4A111F0-19B5-4E12-9CB6-1B510B3B3253}.Release|Any CPU.Build.0 = Release|Any CPU
	EndGlobalSection
	GlobalSection(SolutionProperties) = preSolution
		HideSolutionNode = FALSE
	EndGlobalSection
	GlobalSection(ExtensibilityGlobals) = postSolution
		SolutionGuid = {EF14DCFF-CBAC-470B-A09D-1ADB75CFA515}
	EndGlobalSection
EndGlobal
